
Microsoft Visual Studio Solution File, Format Version 12.00
# Visual Studio Version 17
VisualStudioVersion = 17.6.33815.320
MinimumVisualStudioVersion = 10.0.40219.1
Project("{FAE04EC0-301F-11D3-BF4B-00C04F79EFBC}") = "SiteMVC", "SiteMVC\SiteMVC.csproj", "{4DCE1DCB-AC27-41AC-A99F-5F008A0080C5}"
EndProject
Global
	GlobalSection(SolutionConfigurationPlatforms) = preSolution
		Debug|Any CPU = Debug|Any CPU
		Release|Any CPU = Release|Any CPU
	EndGlobalSection
	GlobalSection(ProjectConfigurationPlatforms) = postSolution
		{4DCE1DCB-AC27-41AC-A99F-5F008A0080C5}.Debug|Any CPU.ActiveCfg = Debug|Any CPU
		{4DCE1DCB-AC27-41AC-A99F-5F008A0080C5}.Debug|Any CPU.Build.0 = Debug|Any CPU
		{4DCE1DCB-AC27-41AC-A99F-5F008A0080C5}.Release|Any CPU.ActiveCfg = Release|Any CPU
		{4DCE1DCB-AC27-41AC-A99F-5F008A0080C5}.Release|Any CPU.Build.0 = Release|Any CPU
	EndGlobalSection
	GlobalSection(SolutionProperties) = preSolution
		HideSolutionNode = FALSE
	EndGlobalSection
	GlobalSection(ExtensibilityGlobals) = postSolution
		SolutionGuid = {E18A5F5F-2259-4B65-84F4-399FD839E852}
	EndGlobalSection
EndGlobal
